// !$*UTF8*$!
{
	archiveVersion = 1;
	classes = {
	};
	objectVersion = 46;
	objects = {

/* Begin PBXBuildFile section */
		7E5691661C2B07FF001C60FF /* main.m in Sources */ = {isa = PBXBuildFile; fileRef = 7E5691651C2B07FF001C60FF /* main.m */; };
		7E5691691C2B07FF001C60FF /* AppDelegate.m in Sources */ = {isa = PBXBuildFile; fileRef = 7E5691681C2B07FF001C60FF /* AppDelegate.m */; };
		7E56916C1C2B07FF001C60FF /* ViewController.m in Sources */ = {isa = PBXBuildFile; fileRef = 7E56916B1C2B07FF001C60FF /* ViewController.m */; };
		7E56916F1C2B07FF001C60FF /* Main.storyboard in Resources */ = {isa = PBXBuildFile; fileRef = 7E56916D1C2B07FF001C60FF /* Main.storyboard */; };
		7E5691711C2B07FF001C60FF /* Assets.xcassets in Resources */ = {isa = PBXBuildFile; fileRef = 7E5691701C2B07FF001C60FF /* Assets.xcassets */; };
		7E5691741C2B07FF001C60FF /* LaunchScreen.storyboard in Resources */ = {isa = PBXBuildFile; fileRef = 7E5691721C2B07FF001C60FF /* LaunchScreen.storyboard */; };
/* End PBXBuildFile section */

/* Begin PBXFileReference section */
		7E5691611C2B07FF001C60FF /* SecondLabSecondPart.app */ = {isa = PBXFileReference; explicitFileType = wrapper.application; includeInIndex = 0; path = SecondLabSecondPart.app; sourceTree = BUILT_PRODUCTS_DIR; };
		7E5691651C2B07FF001C60FF /* main.m */ = {isa = PBXFileReference; lastKnownFileType = sourcecode.c.objc; path = main.m; sourceTree = "<group>"; };
		7E5691671C2B07FF001C60FF /* AppDelegate.h */ = {isa = PBXFileReference; lastKnownFileType = sourcecode.c.h; path = AppDelegate.h; sourceTree = "<group>"; };
		7E5691681C2B07FF001C60FF /* AppDelegate.m */ = {isa = PBXFileReference; lastKnownFileType = sourcecode.c.objc; path = AppDelegate.m; sourceTree = "<group>"; };
		7E56916A1C2B07FF001C60FF /* ViewController.h */ = {isa = PBXFileReference; lastKnownFileType = sourcecode.c.h; path = ViewController.h; sourceTree = "<group>"; };
		7E56916B1C2B07FF001C60FF /* ViewController.m */ = {isa = PBXFileReference; lastKnownFileType = sourcecode.c.objc; path = ViewController.m; sourceTree = "<group>"; };
		7E56916E1C2B07FF001C60FF /* Base */ = {isa = PBXFileReference; lastKnownFileType = file.storyboard; name = Base; path = Base.lproj/Main.storyboard; sourceTree = "<group>"; };
		7E5691701C2B07FF001C60FF /* Assets.xcassets */ = {isa = PBXFileReference; lastKnownFileType = folder.assetcatalog; path = Assets.xcassets; sourceTree = "<group>"; };
		7E5691731C2B07FF001C60FF /* Base */ = {isa = PBXFileReference; lastKnownFileType = file.storyboard; name = Base; path = Base.lproj/LaunchScreen.storyboard; sourceTree = "<group>"; };
		7E5691751C2B07FF001C60FF /* Info.plist */ = {isa = PBXFileReference; lastKnownFileType = text.plist.xml; path = Info.plist; sourceTree = "<group>"; };
/* End PBXFileReference section */

/* Begin PBXFrameworksBuildPhase section */
		7E56915E1C2B07FF001C60FF /* Frameworks */ = {
			isa = PBXFrameworksBuildPhase;
			buildActionMask = 2147483647;
			files = (
			);
			runOnlyForDeploymentPostprocessing = 0;
		};
/* End PBXFrameworksBuildPhase section */

/* Begin PBXGroup section */
		7E5691581C2B07FE001C60FF = {
			isa = PBXGroup;
			children = (
				7E5691631C2B07FF001C60FF /* SecondLabSecondPart */,
				7E5691621C2B07FF001C60FF /* Products */,
			);
			sourceTree = "<group>";
		};
		7E5691621C2B07FF001C60FF /* Products */ = {
			isa = PBXGroup;
			children = (
				7E5691611C2B07FF001C60FF /* SecondLabSecondPart.app */,
			);
			name = Products;
			sourceTree = "<group>";
		};
		7E5691631C2B07FF001C60FF /* SecondLabSecondPart */ = {
			isa = PBXGroup;
			children = (
				7E5691671C2B07FF001C60FF /* AppDelegate.h */,
				7E5691681C2B07FF001C60FF /* AppDelegate.m */,
				7E56916A1C2B07FF001C60FF /* ViewController.h */,
				7E56916B1C2B07FF001C60FF /* ViewController.m */,
				7E56916D1C2B07FF001C60FF /* Main.storyboard */,
				7E5691701C2B07FF001C60FF /* Assets.xcassets */,
				7E5691721C2B07FF001C60FF /* LaunchScreen.storyboard */,
				7E5691751C2B07FF001C60FF /* Info.plist */,
				7E5691641C2B07FF001C60FF /* Supporting Files */,
			);
			path = SecondLabSecondPart;
			sourceTree = "<group>";
		};
		7E5691641C2B07FF001C60FF /* Supporting Files */ = {
			isa = PBXGroup;
			children = (
				7E5691651C2B07FF001C60FF /* main.m */,
			);
			name = "Supporting Files";
			sourceTree = "<group>";
		};
/* End PBXGroup section */

/* Begin PBXNativeTarget section */
		7E5691601C2B07FF001C60FF /* SecondLabSecondPart */ = {
			isa = PBXNativeTarget;
			buildConfigurationList = 7E5691781C2B07FF001C60FF /* Build configuration list for PBXNativeTarget "SecondLabSecondPart" */;
			buildPhases = (
				7E56915D1C2B07FF001C60FF /* Sources */,
				7E56915E1C2B07FF001C60FF /* Frameworks */,
				7E56915F1C2B07FF001C60FF /* Resources */,
			);
			buildRules = (
			);
			dependencies = (
			);
			name = SecondLabSecondPart;
			productName = SecondLabSecondPart;
			productReference = 7E5691611C2B07FF001C60FF /* SecondLabSecondPart.app */;
			productType = "com.apple.product-type.application";
		};
/* End PBXNativeTarget section */

/* Begin PBXProject section */
		7E5691591C2B07FE001C60FF /* Project object */ = {
			isa = PBXProject;
			attributes = {
				LastUpgradeCheck = 0720;
				ORGANIZATIONNAME = DianaVolodchenko;
				TargetAttributes = {
					7E5691601C2B07FF001C60FF = {
						CreatedOnToolsVersion = 7.2;
					};
				};
			};
			buildConfigurationList = 7E56915C1C2B07FE001C60FF /* Build configuration list for PBXProject "SecondLabSecondPart" */;
			compatibilityVersion = "Xcode 3.2";
			developmentRegion = English;
			hasScannedForEncodings = 0;
			knownRegions = (
				en,
				Base,
			);
			mainGroup = 7E5691581C2B07FE001C60FF;
			productRefGroup = 7E5691621C2B07FF001C60FF /* Products */;
			projectDirPath = "";
			projectRoot = "";
			targets = (
				7E5691601C2B07FF001C60FF /* SecondLabSecondPart */,
			);
		};
/* End PBXProject section */

/* Begin PBXResourcesBuildPhase section */
		7E56915F1C2B07FF001C60FF /* Resources */ = {
			isa = PBXResourcesBuildPhase;
			buildActionMask = 2147483647;
			files = (
				7E5691741C2B07FF001C60FF /* LaunchScreen.storyboard in Resources */,
				7E5691711C2B07FF001C60FF /* Assets.xcassets in Resources */,
				7E56916F1C2B07FF001C60FF /* Main.storyboard in Resources */,
			);
			runOnlyForDeploymentPostprocessing = 0;
		};
/* End PBXResourcesBuildPhase section */

/* Begin PBXSourcesBuildPhase section */
		7E56915D1C2B07FF001C60FF /* Sources */ = {
			isa = PBXSourcesBuildPhase;
			buildActionMask = 2147483647;
			files = (
				7E56916C1C2B07FF001C60FF /* ViewController.m in Sources */,
				7E5691691C2B07FF001C60FF /* AppDelegate.m in Sources */,
				7E5691661C2B07FF001C60FF /* main.m in Sources */,
			);
			runOnlyForDeploymentPostprocessing = 0;
		};
/* End PBXSourcesBuildPhase section */

/* Begin PBXVariantGroup section */
		7E56916D1C2B07FF001C60FF /* Main.storyboard */ = {
			isa = PBXVariantGroup;
			children = (
				7E56916E1C2B07FF001C60FF /* Base */,
			);
			name = Main.storyboard;
			sourceTree = "<group>";
		};
		7E5691721C2B07FF001C60FF /* LaunchScreen.storyboard */ = {
			isa = PBXVariantGroup;
			children = (
				7E5691731C2B07FF001C60FF /* Base */,
			);
			name = LaunchScreen.storyboard;
			sourceTree = "<group>";
		};
/* End PBXVariantGroup section */

/* Begin XCBuildConfiguration section */
		7E5691761C2B07FF001C60FF /* Debug */ = {
			isa = XCBuildConfiguration;
			buildSettings = {
				ALWAYS_SEARCH_USER_PATHS = NO;
				CLANG_CXX_LANGUAGE_STANDARD = "gnu++0x";
				CLANG_CXX_LIBRARY = "libc++";
				CLANG_ENABLE_MODULES = YES;
				CLANG_ENABLE_OBJC_ARC = YES;
				CLANG_WARN_BOOL_CONVERSION = YES;
				CLANG_WARN_CONSTANT_CONVERSION = YES;
				CLANG_WARN_DIRECT_OBJC_ISA_USAGE = YES_ERROR;
				CLANG_WARN_EMPTY_BODY = YES;
				CLANG_WARN_ENUM_CONVERSION = YES;
				CLANG_WARN_INT_CONVERSION = YES;
				CLANG_WARN_OBJC_ROOT_CLASS = YES_ERROR;
				CLANG_WARN_UNREACHABLE_CODE = YES;
				CLANG_WARN__DUPLICATE_METHOD_MATCH = YES;
				"CODE_SIGN_IDENTITY[sdk=iphoneos*]" = "iPhone Developer";
				COPY_PHASE_STRIP = NO;
				DEBUG_INFORMATION_FORMAT = dwarf;
				ENABLE_STRICT_OBJC_MSGSEND = YES;
				ENABLE_TESTABILITY = YES;
				GCC_C_LANGUAGE_STANDARD = gnu99;
				GCC_DYNAMIC_NO_PIC = NO;
				GCC_NO_COMMON_BLOCKS = YES;
				GCC_OPTIMIZATION_LEVEL = 0;
				GCC_PREPROCESSOR_DEFINITIONS = (
					"DEBUG=1",
					"$(inherited)",
				);
				GCC_WARN_64_TO_32_BIT_CONVERSION = YES;
				GCC_WARN_ABOUT_RETURN_TYPE = YES_ERROR;
				GCC_WARN_UNDECLARED_SELECTOR = YES;
				GCC_WARN_UNINITIALIZED_AUTOS = YES_AGGRESSIVE;
				GCC_WARN_UNUSED_FUNCTION = YES;
				GCC_WARN_UNUSED_VARIABLE = YES;
				IPHONEOS_DEPLOYMENT_TARGET = 9.2;
				MTL_ENABLE_DEBUG_INFO = YES;
				ONLY_ACTIVE_ARCH = YES;
				SDKROOT = iphoneos;
			};
			name = Debug;
		};
		7E5691771C2B07FF001C60FF /* Release */ = {
			isa = XCBuildConfiguration;
			buildSettings = {
				ALWAYS_SEARCH_USER_PATHS = NO;
				CLANG_CXX_LANGUAGE_STANDARD = "gnu++0x";
				CLANG_CXX_LIBRARY = "libc++";
				CLANG_ENABLE_MODULES = YES;
				CLANG_ENABLE_OBJC_ARC = YES;
				CLANG_WARN_BOOL_CONVERSION = YES;
				CLANG_WARN_CONSTANT_CONVERSION = YES;
				CLANG_WARN_DIRECT_OBJC_ISA_USAGE = YES_ERROR;
				CLANG_WARN_EMPTY_BODY = YES;
				CLANG_WARN_ENUM_CONVERSION = YES;
				CLANG_WARN_INT_CONVERSION = YES;
				CLANG_WARN_OBJC_ROOT_CLASS = YES_ERROR;
				CLANG_WARN_UNREACHABLE_CODE = YES;
				CLANG_WARN__DUPLICATE_METHOD_MATCH = YES;
				"CODE_SIGN_IDENTITY[sdk=iphoneos*]" = "iPhone Developer";
				COPY_PHASE_STRIP = NO;
				DEBUG_INFORMATION_FORMAT = "dwarf-with-dsym";
				ENABLE_NS_ASSERTIONS = NO;
				ENABLE_STRICT_OBJC_MSGSEND = YES;
				GCC_C_LANGUAGE_STANDARD = gnu99;
				GCC_NO_COMMON_BLOCKS = YES;
				GCC_WARN_64_TO_32_BIT_CONVERSION = YES;
				GCC_WARN_ABOUT_RETURN_TYPE = YES_ERROR;
				GCC_WARN_UNDECLARED_SELECTOR = YES;
				GCC_WARN_UNINITIALIZED_AUTOS = YES_AGGRESSIVE;
				GCC_WARN_UNUSED_FUNCTION = YES;
				GCC_WARN_UNUSED_VARIABLE = YES;
				IPHONEOS_DEPLOYMENT_TARGET = 9.2;
				MTL_ENABLE_DEBUG_INFO = NO;
				SDKROOT = iphoneos;
				VALIDATE_PRODUCT = YES;
			};
			name = Release;
		};
		7E5691791C2B07FF001C60FF /* Debug */ = {
			isa = XCBuildConfiguration;
			buildSettings = {
				ASSETCATALOG_COMPILER_APPICON_NAME = AppIcon;
				INFOPLIST_FILE = SecondLabSecondPart/Info.plist;
				LD_RUNPATH_SEARCH_PATHS = "$(inherited) @executable_path/Frameworks";
				PRODUCT_BUNDLE_IDENTIFIER = com.diana.SecondLabSecondPart;
				PRODUCT_NAME = "$(TARGET_NAME)";
			};
			name = Debug;
		};
		7E56917A1C2B07FF001C60FF /* Release */ = {
			isa = XCBuildConfiguration;
			buildSettings = {
				ASSETCATALOG_COMPILER_APPICON_NAME = AppIcon;
				INFOPLIST_FILE = SecondLabSecondPart/Info.plist;
				LD_RUNPATH_SEARCH_PATHS = "$(inherited) @executable_path/Frameworks";
				PRODUCT_BUNDLE_IDENTIFIER = com.diana.SecondLabSecondPart;
				PRODUCT_NAME = "$(TARGET_NAME)";
			};
			name = Release;
		};
/* End XCBuildConfiguration section */

/* Begin XCConfigurationList section */
		7E56915C1C2B07FE001C60FF /* Build configuration list for PBXProject "SecondLabSecondPart" */ = {
			isa = XCConfigurationList;
			buildConfigurations = (
				7E5691761C2B07FF001C60FF /* Debug */,
				7E5691771C2B07FF001C60FF /* Release */,
			);
			defaultConfigurationIsVisible = 0;
			defaultConfigurationName = Release;
		};
		7E5691781C2B07FF001C60FF /* Build configuration list for PBXNativeTarget "SecondLabSecondPart" */ = {
			isa = XCConfigurationList;
			buildConfigurations = (
				7E5691791C2B07FF001C60FF /* Debug */,
				7E56917A1C2B07FF001C60FF /* Release */,
			);
			defaultConfigurationIsVisible = 0;
		};
/* End XCConfigurationList section */
	};
	rootObject = 7E5691591C2B07FE001C60FF /* Project object */;
}
